
Microsoft Visual Studio Solution File, Format Version 12.00
# Visual Studio Version 17
VisualStudioVersion = 17.9.34607.119
MinimumVisualStudioVersion = 10.0.40219.1
Project("{FAE04EC0-301F-11D3-BF4B-00C04F79EFBC}") = "L02P02_2021GH601_2021BS650", "L02P02_2021GH601_2021BS650\L02P02_2021GH601_2021BS650.csproj", "{70626BA8-98D8-45AF-BAAD-666E70F45CB3}"
EndProject
Global
	GlobalSection(SolutionConfigurationPlatforms) = preSolution
		Debug|Any CPU = Debug|Any CPU
		Release|Any CPU = Release|Any CPU
	EndGlobalSection
	GlobalSection(ProjectConfigurationPlatforms) = postSolution
		{70626BA8-98D8-45AF-BAAD-666E70F45CB3}.Debug|Any CPU.ActiveCfg = Debug|Any CPU
		{70626BA8-98D8-45AF-BAAD-666E70F45CB3}.Debug|Any CPU.Build.0 = Debug|Any CPU
		{70626BA8-98D8-45AF-BAAD-666E70F45CB3}.Release|Any CPU.ActiveCfg = Release|Any CPU
		{70626BA8-98D8-45AF-BAAD-666E70F45CB3}.Release|Any CPU.Build.0 = Release|Any CPU
	EndGlobalSection
	GlobalSection(SolutionProperties) = preSolution
		HideSolutionNode = FALSE
	EndGlobalSection
	GlobalSection(ExtensibilityGlobals) = postSolution
		SolutionGuid = {359AAB37-997B-4F5A-B6E1-84D9D8BC46DC}
	EndGlobalSection
EndGlobal
